// !$*UTF8*$!
{
	archiveVersion = 1;
	classes = {
	};
	objectVersion = 46;
	objects = {

/* Begin PBXBuildFile section */
		C03982BC1C9582550006A4E2 /* main.m in Sources */ = {isa = PBXBuildFile; fileRef = C03982BB1C9582550006A4E2 /* main.m */; };
		C03982BF1C9582550006A4E2 /* AppDelegate.m in Sources */ = {isa = PBXBuildFile; fileRef = C03982BE1C9582550006A4E2 /* AppDelegate.m */; };
		C03982C21C9582550006A4E2 /* ViewController.m in Sources */ = {isa = PBXBuildFile; fileRef = C03982C11C9582550006A4E2 /* ViewController.m */; };
		C03982C51C9582550006A4E2 /* Main.storyboard in Resources */ = {isa = PBXBuildFile; fileRef = C03982C31C9582550006A4E2 /* Main.storyboard */; };
		C03982C71C9582550006A4E2 /* Assets.xcassets in Resources */ = {isa = PBXBuildFile; fileRef = C03982C61C9582550006A4E2 /* Assets.xcassets */; };
		C03982CA1C9582550006A4E2 /* LaunchScreen.storyboard in Resources */ = {isa = PBXBuildFile; fileRef = C03982C81C9582550006A4E2 /* LaunchScreen.storyboard */; };
		C03982D51C9582550006A4E2 /* ____Tests.m in Sources */ = {isa = PBXBuildFile; fileRef = C03982D41C9582550006A4E2 /* ____Tests.m */; };
		C03982E21C9591D00006A4E2 /* HMNetworkingTool.m in Sources */ = {isa = PBXBuildFile; fileRef = C03982E11C9591D00006A4E2 /* HMNetworkingTool.m */; };
		C35210D9B3D238BE54659033 /* libPods.a in Frameworks */ = {isa = PBXBuildFile; fileRef = FA7741B68C445654B3A3490D /* libPods.a */; };
/* End PBXBuildFile section */

/* Begin PBXContainerItemProxy section */
		C03982D11C9582550006A4E2 /* PBXContainerItemProxy */ = {
			isa = PBXContainerItemProxy;
			containerPortal = C03982AF1C9582550006A4E2 /* Project object */;
			proxyType = 1;
			remoteGlobalIDString = C03982B61C9582550006A4E2;
			remoteInfo = "网易新闻";
		};
/* End PBXContainerItemProxy section */

/* Begin PBXFileReference section */
		1F3B20F0BA0383C706CB2D46 /* Pods.debug.xcconfig */ = {isa = PBXFileReference; includeInIndex = 1; lastKnownFileType = text.xcconfig; name = Pods.debug.xcconfig; path = "Pods/Target Support Files/Pods/Pods.debug.xcconfig"; sourceTree = "<group>"; };
		C03982B71C9582550006A4E2 /* 网易新闻.app */ = {isa = PBXFileReference; explicitFileType = wrapper.application; includeInIndex = 0; path = "网易新闻.app"; sourceTree = BUILT_PRODUCTS_DIR; };
		C03982BB1C9582550006A4E2 /* main.m */ = {isa = PBXFileReference; lastKnownFileType = sourcecode.c.objc; path = main.m; sourceTree = "<group>"; };
		C03982BD1C9582550006A4E2 /* AppDelegate.h */ = {isa = PBXFileReference; lastKnownFileType = sourcecode.c.h; path = AppDelegate.h; sourceTree = "<group>"; };
		C03982BE1C9582550006A4E2 /* AppDelegate.m */ = {isa = PBXFileReference; lastKnownFileType = sourcecode.c.objc; path = AppDelegate.m; sourceTree = "<group>"; };
		C03982C01C9582550006A4E2 /* ViewController.h */ = {isa = PBXFileReference; lastKnownFileType = sourcecode.c.h; path = ViewController.h; sourceTree = "<group>"; };
		C03982C11C9582550006A4E2 /* ViewController.m */ = {isa = PBXFileReference; lastKnownFileType = sourcecode.c.objc; path = ViewController.m; sourceTree = "<group>"; };
		C03982C41C9582550006A4E2 /* Base */ = {isa = PBXFileReference; lastKnownFileType = file.storyboard; name = Base; path = Base.lproj/Main.storyboard; sourceTree = "<group>"; };
		C03982C61C9582550006A4E2 /* Assets.xcassets */ = {isa = PBXFileReference; lastKnownFileType = folder.assetcatalog; path = Assets.xcassets; sourceTree = "<group>"; };
		C03982C91C9582550006A4E2 /* Base */ = {isa = PBXFileReference; lastKnownFileType = file.storyboard; name = Base; path = Base.lproj/LaunchScreen.storyboard; sourceTree = "<group>"; };
		C03982CB1C9582550006A4E2 /* Info.plist */ = {isa = PBXFileReference; lastKnownFileType = text.plist.xml; path = Info.plist; sourceTree = "<group>"; };
		C03982D01C9582550006A4E2 /* 网易新闻Tests.xctest */ = {isa = PBXFileReference; explicitFileType = wrapper.cfbundle; includeInIndex = 0; path = "网易新闻Tests.xctest"; sourceTree = BUILT_PRODUCTS_DIR; };
		C03982D41C9582550006A4E2 /* ____Tests.m */ = {isa = PBXFileReference; lastKnownFileType = sourcecode.c.objc; path = "____Tests.m"; sourceTree = "<group>"; };
		C03982D61C9582550006A4E2 /* Info.plist */ = {isa = PBXFileReference; lastKnownFileType = text.plist.xml; path = Info.plist; sourceTree = "<group>"; };
		C03982E01C9591D00006A4E2 /* HMNetworkingTool.h */ = {isa = PBXFileReference; fileEncoding = 4; lastKnownFileType = sourcecode.c.h; path = HMNetworkingTool.h; sourceTree = "<group>"; };
		C03982E11C9591D00006A4E2 /* HMNetworkingTool.m */ = {isa = PBXFileReference; fileEncoding = 4; lastKnownFileType = sourcecode.c.objc; path = HMNetworkingTool.m; sourceTree = "<group>"; };
		C03982E31C9591FF0006A4E2 /* HMSingleton.h */ = {isa = PBXFileReference; fileEncoding = 4; lastKnownFileType = sourcecode.c.h; path = HMSingleton.h; sourceTree = "<group>"; };
		EABC631844B4CD72D42F6792 /* Pods.release.xcconfig */ = {isa = PBXFileReference; includeInIndex = 1; lastKnownFileType = text.xcconfig; name = Pods.release.xcconfig; path = "Pods/Target Support Files/Pods/Pods.release.xcconfig"; sourceTree = "<group>"; };
		FA7741B68C445654B3A3490D /* libPods.a */ = {isa = PBXFileReference; explicitFileType = archive.ar; includeInIndex = 0; path = libPods.a; sourceTree = BUILT_PRODUCTS_DIR; };
/* End PBXFileReference section */

/* Begin PBXFrameworksBuildPhase section */
		C03982B41C9582550006A4E2 /* Frameworks */ = {
			isa = PBXFrameworksBuildPhase;
			buildActionMask = 2147483647;
			files = (
				C35210D9B3D238BE54659033 /* libPods.a in Frameworks */,
			);
			runOnlyForDeploymentPostprocessing = 0;
		};
		C03982CD1C9582550006A4E2 /* Frameworks */ = {
			isa = PBXFrameworksBuildPhase;
			buildActionMask = 2147483647;
			files = (
			);
			runOnlyForDeploymentPostprocessing = 0;
		};
/* End PBXFrameworksBuildPhase section */

/* Begin PBXGroup section */
		12B6799132BE781C16D8B138 /* Frameworks */ = {
			isa = PBXGroup;
			children = (
				FA7741B68C445654B3A3490D /* libPods.a */,
			);
			name = Frameworks;
			sourceTree = "<group>";
		};
		74664124AF672E2A3627D08D /* Pods */ = {
			isa = PBXGroup;
			children = (
				1F3B20F0BA0383C706CB2D46 /* Pods.debug.xcconfig */,
				EABC631844B4CD72D42F6792 /* Pods.release.xcconfig */,
			);
			name = Pods;
			sourceTree = "<group>";
		};
		C03982AE1C9582550006A4E2 = {
			isa = PBXGroup;
			children = (
				C03982B91C9582550006A4E2 /* 网易新闻 */,
				C03982D31C9582550006A4E2 /* 网易新闻Tests */,
				C03982B81C9582550006A4E2 /* Products */,
				74664124AF672E2A3627D08D /* Pods */,
				12B6799132BE781C16D8B138 /* Frameworks */,
			);
			sourceTree = "<group>";
		};
		C03982B81C9582550006A4E2 /* Products */ = {
			isa = PBXGroup;
			children = (
				C03982B71C9582550006A4E2 /* 网易新闻.app */,
				C03982D01C9582550006A4E2 /* 网易新闻Tests.xctest */,
			);
			name = Products;
			sourceTree = "<group>";
		};
		C03982B91C9582550006A4E2 /* 网易新闻 */ = {
			isa = PBXGroup;
			children = (
				C03982DF1C9591620006A4E2 /* Tool */,
				C03982BD1C9582550006A4E2 /* AppDelegate.h */,
				C03982BE1C9582550006A4E2 /* AppDelegate.m */,
				C03982C01C9582550006A4E2 /* ViewController.h */,
				C03982C11C9582550006A4E2 /* ViewController.m */,
				C03982C31C9582550006A4E2 /* Main.storyboard */,
				C03982C61C9582550006A4E2 /* Assets.xcassets */,
				C03982C81C9582550006A4E2 /* LaunchScreen.storyboard */,
				C03982CB1C9582550006A4E2 /* Info.plist */,
				C03982BA1C9582550006A4E2 /* Supporting Files */,
			);
			path = "网易新闻";
			sourceTree = "<group>";
		};
		C03982BA1C9582550006A4E2 /* Supporting Files */ = {
			isa = PBXGroup;
			children = (
				C03982BB1C9582550006A4E2 /* main.m */,
			);
			name = "Supporting Files";
			sourceTree = "<group>";
		};
		C03982D31C9582550006A4E2 /* 网易新闻Tests */ = {
			isa = PBXGroup;
			children = (
				C03982D41C9582550006A4E2 /* ____Tests.m */,
				C03982D61C9582550006A4E2 /* Info.plist */,
			);
			path = "网易新闻Tests";
			sourceTree = "<group>";
		};
		C03982DF1C9591620006A4E2 /* Tool */ = {
			isa = PBXGroup;
			children = (
				C03982E31C9591FF0006A4E2 /* HMSingleton.h */,
				C03982E01C9591D00006A4E2 /* HMNetworkingTool.h */,
				C03982E11C9591D00006A4E2 /* HMNetworkingTool.m */,
			);
			name = Tool;
			sourceTree = "<group>";
		};
/* End PBXGroup section */

/* Begin PBXNativeTarget section */
		C03982B61C9582550006A4E2 /* 网易新闻 */ = {
			isa = PBXNativeTarget;
			buildConfigurationList = C03982D91C9582550006A4E2 /* Build configuration list for PBXNativeTarget "网易新闻" */;
			buildPhases = (
				2F65D4F67B2182E24DC961BD /* Check Pods Manifest.lock */,
				C03982B31C9582550006A4E2 /* Sources */,
				C03982B41C9582550006A4E2 /* Frameworks */,
				C03982B51C9582550006A4E2 /* Resources */,
				4D62E9858173C4BBE40B6C8F /* Embed Pods Frameworks */,
				CE704CE23A85660D21206A5A /* Copy Pods Resources */,
			);
			buildRules = (
			);
			dependencies = (
			);
			name = "网易新闻";
			productName = "网易新闻";
			productReference = C03982B71C9582550006A4E2 /* 网易新闻.app */;
			productType = "com.apple.product-type.application";
		};
		C03982CF1C9582550006A4E2 /* 网易新闻Tests */ = {
			isa = PBXNativeTarget;
			buildConfigurationList = C03982DC1C9582550006A4E2 /* Build configuration list for PBXNativeTarget "网易新闻Tests" */;
			buildPhases = (
				C03982CC1C9582550006A4E2 /* Sources */,
				C03982CD1C9582550006A4E2 /* Frameworks */,
				C03982CE1C9582550006A4E2 /* Resources */,
			);
			buildRules = (
			);
			dependencies = (
				C03982D21C9582550006A4E2 /* PBXTargetDependency */,
			);
			name = "网易新闻Tests";
			productName = "网易新闻Tests";
			productReference = C03982D01C9582550006A4E2 /* 网易新闻Tests.xctest */;
			productType = "com.apple.product-type.bundle.unit-test";
		};
/* End PBXNativeTarget section */

/* Begin PBXProject section */
		C03982AF1C9582550006A4E2 /* Project object */ = {
			isa = PBXProject;
			attributes = {
				LastUpgradeCheck = 0710;
				ORGANIZATIONNAME = "冒黄亮";
				TargetAttributes = {
					C03982B61C9582550006A4E2 = {
						CreatedOnToolsVersion = 7.1;
						DevelopmentTeam = Q7Q4C7E57J;
					};
					C03982CF1C9582550006A4E2 = {
						CreatedOnToolsVersion = 7.1;
						DevelopmentTeam = Q7Q4C7E57J;
						TestTargetID = C03982B61C9582550006A4E2;
					};
				};
			};
			buildConfigurationList = C03982B21C9582550006A4E2 /* Build configuration list for PBXProject "网易新闻" */;
			compatibilityVersion = "Xcode 3.2";
			developmentRegion = English;
			hasScannedForEncodings = 0;
			knownRegions = (
				en,
				Base,
			);
			mainGroup = C03982AE1C9582550006A4E2;
			productRefGroup = C03982B81C9582550006A4E2 /* Products */;
			projectDirPath = "";
			projectRoot = "";
			targets = (
				C03982B61C9582550006A4E2 /* 网易新闻 */,
				C03982CF1C9582550006A4E2 /* 网易新闻Tests */,
			);
		};
/* End PBXProject section */

/* Begin PBXResourcesBuildPhase section */
		C03982B51C9582550006A4E2 /* Resources */ = {
			isa = PBXResourcesBuildPhase;
			buildActionMask = 2147483647;
			files = (
				C03982CA1C9582550006A4E2 /* LaunchScreen.storyboard in Resources */,
				C03982C71C9582550006A4E2 /* Assets.xcassets in Resources */,
				C03982C51C9582550006A4E2 /* Main.storyboard in Resources */,
			);
			runOnlyForDeploymentPostprocessing = 0;
		};
		C03982CE1C9582550006A4E2 /* Resources */ = {
			isa = PBXResourcesBuildPhase;
			buildActionMask = 2147483647;
			files = (
			);
			runOnlyForDeploymentPostprocessing = 0;
		};
/* End PBXResourcesBuildPhase section */

/* Begin PBXShellScriptBuildPhase section */
		2F65D4F67B2182E24DC961BD /* Check Pods Manifest.lock */ = {
			isa = PBXShellScriptBuildPhase;
			buildActionMask = 2147483647;
			files = (
			);
			inputPaths = (
			);
			name = "Check Pods Manifest.lock";
			outputPaths = (
			);
			runOnlyForDeploymentPostprocessing = 0;
			shellPath = /bin/sh;
			shellScript = "diff \"${PODS_ROOT}/../Podfile.lock\" \"${PODS_ROOT}/Manifest.lock\" > /dev/null\nif [[ $? != 0 ]] ; then\n    cat << EOM\nerror: The sandbox is not in sync with the Podfile.lock. Run 'pod install' or update your CocoaPods installation.\nEOM\n    exit 1\nfi\n";
			showEnvVarsInLog = 0;
		};
		4D62E9858173C4BBE40B6C8F /* Embed Pods Frameworks */ = {
			isa = PBXShellScriptBuildPhase;
			buildActionMask = 2147483647;
			files = (
			);
			inputPaths = (
			);
			name = "Embed Pods Frameworks";
			outputPaths = (
			);
			runOnlyForDeploymentPostprocessing = 0;
			shellPath = /bin/sh;
			shellScript = "\"${SRCROOT}/Pods/Target Support Files/Pods/Pods-frameworks.sh\"\n";
			showEnvVarsInLog = 0;
		};
		CE704CE23A85660D21206A5A /* Copy Pods Resources */ = {
			isa = PBXShellScriptBuildPhase;
			buildActionMask = 2147483647;
			files = (
			);
			inputPaths = (
			);
			name = "Copy Pods Resources";
			outputPaths = (
			);
			runOnlyForDeploymentPostprocessing = 0;
			shellPath = /bin/sh;
			shellScript = "\"${SRCROOT}/Pods/Target Support Files/Pods/Pods-resources.sh\"\n";
			showEnvVarsInLog = 0;
		};
/* End PBXShellScriptBuildPhase section */

/* Begin PBXSourcesBuildPhase section */
		C03982B31C9582550006A4E2 /* Sources */ = {
			isa = PBXSourcesBuildPhase;
			buildActionMask = 2147483647;
			files = (
				C03982E21C9591D00006A4E2 /* HMNetworkingTool.m in Sources */,
				C03982C21C9582550006A4E2 /* ViewController.m in Sources */,
				C03982BF1C9582550006A4E2 /* AppDelegate.m in Sources */,
				C03982BC1C9582550006A4E2 /* main.m in Sources */,
			);
			runOnlyForDeploymentPostprocessing = 0;
		};
		C03982CC1C9582550006A4E2 /* Sources */ = {
			isa = PBXSourcesBuildPhase;
			buildActionMask = 2147483647;
			files = (
				C03982D51C9582550006A4E2 /* ____Tests.m in Sources */,
			);
			runOnlyForDeploymentPostprocessing = 0;
		};
/* End PBXSourcesBuildPhase section */

/* Begin PBXTargetDependency section */
		C03982D21C9582550006A4E2 /* PBXTargetDependency */ = {
			isa = PBXTargetDependency;
			target = C03982B61C9582550006A4E2 /* 网易新闻 */;
			targetProxy = C03982D11C9582550006A4E2 /* PBXContainerItemProxy */;
		};
/* End PBXTargetDependency section */

/* Begin PBXVariantGroup section */
		C03982C31C9582550006A4E2 /* Main.storyboard */ = {
			isa = PBXVariantGroup;
			children = (
				C03982C41C9582550006A4E2 /* Base */,
			);
			name = Main.storyboard;
			sourceTree = "<group>";
		};
		C03982C81C9582550006A4E2 /* LaunchScreen.storyboard */ = {
			isa = PBXVariantGroup;
			children = (
				C03982C91C9582550006A4E2 /* Base */,
			);
			name = LaunchScreen.storyboard;
			sourceTree = "<group>";
		};
/* End PBXVariantGroup section */

/* Begin XCBuildConfiguration section */
		C03982D71C9582550006A4E2 /* Debug */ = {
			isa = XCBuildConfiguration;
			buildSettings = {
				ALWAYS_SEARCH_USER_PATHS = NO;
				CLANG_CXX_LANGUAGE_STANDARD = "gnu++0x";
				CLANG_CXX_LIBRARY = "libc++";
				CLANG_ENABLE_MODULES = YES;
				CLANG_ENABLE_OBJC_ARC = YES;
				CLANG_WARN_BOOL_CONVERSION = YES;
				CLANG_WARN_CONSTANT_CONVERSION = YES;
				CLANG_WARN_DIRECT_OBJC_ISA_USAGE = YES_ERROR;
				CLANG_WARN_EMPTY_BODY = YES;
				CLANG_WARN_ENUM_CONVERSION = YES;
				CLANG_WARN_INT_CONVERSION = YES;
				CLANG_WARN_OBJC_ROOT_CLASS = YES_ERROR;
				CLANG_WARN_UNREACHABLE_CODE = YES;
				CLANG_WARN__DUPLICATE_METHOD_MATCH = YES;
				"CODE_SIGN_IDENTITY[sdk=iphoneos*]" = "iPhone Developer";
				COPY_PHASE_STRIP = NO;
				DEBUG_INFORMATION_FORMAT = dwarf;
				ENABLE_STRICT_OBJC_MSGSEND = YES;
				ENABLE_TESTABILITY = YES;
				GCC_C_LANGUAGE_STANDARD = gnu99;
				GCC_DYNAMIC_NO_PIC = NO;
				GCC_NO_COMMON_BLOCKS = YES;
				GCC_OPTIMIZATION_LEVEL = 0;
				GCC_PREPROCESSOR_DEFINITIONS = (
					"DEBUG=1",
					"$(inherited)",
				);
				GCC_WARN_64_TO_32_BIT_CONVERSION = YES;
				GCC_WARN_ABOUT_RETURN_TYPE = YES_ERROR;
				GCC_WARN_UNDECLARED_SELECTOR = YES;
				GCC_WARN_UNINITIALIZED_AUTOS = YES_AGGRESSIVE;
				GCC_WARN_UNUSED_FUNCTION = YES;
				GCC_WARN_UNUSED_VARIABLE = YES;
				IPHONEOS_DEPLOYMENT_TARGET = 9.1;
				MTL_ENABLE_DEBUG_INFO = YES;
				ONLY_ACTIVE_ARCH = YES;
				SDKROOT = iphoneos;
			};
			name = Debug;
		};
		C03982D81C9582550006A4E2 /* Release */ = {
			isa = XCBuildConfiguration;
			buildSettings = {
				ALWAYS_SEARCH_USER_PATHS = NO;
				CLANG_CXX_LANGUAGE_STANDARD = "gnu++0x";
				CLANG_CXX_LIBRARY = "libc++";
				CLANG_ENABLE_MODULES = YES;
				CLANG_ENABLE_OBJC_ARC = YES;
				CLANG_WARN_BOOL_CONVERSION = YES;
				CLANG_WARN_CONSTANT_CONVERSION = YES;
				CLANG_WARN_DIRECT_OBJC_ISA_USAGE = YES_ERROR;
				CLANG_WARN_EMPTY_BODY = YES;
				CLANG_WARN_ENUM_CONVERSION = YES;
				CLANG_WARN_INT_CONVERSION = YES;
				CLANG_WARN_OBJC_ROOT_CLASS = YES_ERROR;
				CLANG_WARN_UNREACHABLE_CODE = YES;
				CLANG_WARN__DUPLICATE_METHOD_MATCH = YES;
				"CODE_SIGN_IDENTITY[sdk=iphoneos*]" = "iPhone Developer";
				COPY_PHASE_STRIP = NO;
				DEBUG_INFORMATION_FORMAT = "dwarf-with-dsym";
				ENABLE_NS_ASSERTIONS = NO;
				ENABLE_STRICT_OBJC_MSGSEND = YES;
				GCC_C_LANGUAGE_STANDARD = gnu99;
				GCC_NO_COMMON_BLOCKS = YES;
				GCC_WARN_64_TO_32_BIT_CONVERSION = YES;
				GCC_WARN_ABOUT_RETURN_TYPE = YES_ERROR;
				GCC_WARN_UNDECLARED_SELECTOR = YES;
				GCC_WARN_UNINITIALIZED_AUTOS = YES_AGGRESSIVE;
				GCC_WARN_UNUSED_FUNCTION = YES;
				GCC_WARN_UNUSED_VARIABLE = YES;
				IPHONEOS_DEPLOYMENT_TARGET = 9.1;
				MTL_ENABLE_DEBUG_INFO = NO;
				SDKROOT = iphoneos;
				VALIDATE_PRODUCT = YES;
			};
			name = Release;
		};
		C03982DA1C9582550006A4E2 /* Debug */ = {
			isa = XCBuildConfiguration;
			baseConfigurationReference = 1F3B20F0BA0383C706CB2D46 /* Pods.debug.xcconfig */;
			buildSettings = {
				ASSETCATALOG_COMPILER_APPICON_NAME = AppIcon;
				INFOPLIST_FILE = "网易新闻/Info.plist";
				LD_RUNPATH_SEARCH_PATHS = "$(inherited) @executable_path/Frameworks";
				PRODUCT_BUNDLE_IDENTIFIER = "com.itheima.----";
				PRODUCT_NAME = "$(TARGET_NAME)";
			};
			name = Debug;
		};
		C03982DB1C9582550006A4E2 /* Release */ = {
			isa = XCBuildConfiguration;
			baseConfigurationReference = EABC631844B4CD72D42F6792 /* Pods.release.xcconfig */;
			buildSettings = {
				ASSETCATALOG_COMPILER_APPICON_NAME = AppIcon;
				INFOPLIST_FILE = "网易新闻/Info.plist";
				LD_RUNPATH_SEARCH_PATHS = "$(inherited) @executable_path/Frameworks";
				PRODUCT_BUNDLE_IDENTIFIER = "com.itheima.----";
				PRODUCT_NAME = "$(TARGET_NAME)";
			};
			name = Release;
		};
		C03982DD1C9582550006A4E2 /* Debug */ = {
			isa = XCBuildConfiguration;
			buildSettings = {
				BUNDLE_LOADER = "$(TEST_HOST)";
				INFOPLIST_FILE = "网易新闻Tests/Info.plist";
				LD_RUNPATH_SEARCH_PATHS = "$(inherited) @executable_path/Frameworks @loader_path/Frameworks";
				PRODUCT_BUNDLE_IDENTIFIER = "com.itheima.----Tests";
				PRODUCT_NAME = "$(TARGET_NAME)";
				TEST_HOST = "$(BUILT_PRODUCTS_DIR)/网易新闻.app/网易新闻";
			};
			name = Debug;
		};
		C03982DE1C9582550006A4E2 /* Release */ = {
			isa = XCBuildConfiguration;
			buildSettings = {
				BUNDLE_LOADER = "$(TEST_HOST)";
				INFOPLIST_FILE = "网易新闻Tests/Info.plist";
				LD_RUNPATH_SEARCH_PATHS = "$(inherited) @executable_path/Frameworks @loader_path/Frameworks";
				PRODUCT_BUNDLE_IDENTIFIER = "com.itheima.----Tests";
				PRODUCT_NAME = "$(TARGET_NAME)";
				TEST_HOST = "$(BUILT_PRODUCTS_DIR)/网易新闻.app/网易新闻";
			};
			name = Release;
		};
/* End XCBuildConfiguration section */

/* Begin XCConfigurationList section */
		C03982B21C9582550006A4E2 /* Build configuration list for PBXProject "网易新闻" */ = {
			isa = XCConfigurationList;
			buildConfigurations = (
				C03982D71C9582550006A4E2 /* Debug */,
				C03982D81C9582550006A4E2 /* Release */,
			);
			defaultConfigurationIsVisible = 0;
			defaultConfigurationName = Release;
		};
		C03982D91C9582550006A4E2 /* Build configuration list for PBXNativeTarget "网易新闻" */ = {
			isa = XCConfigurationList;
			buildConfigurations = (
				C03982DA1C9582550006A4E2 /* Debug */,
				C03982DB1C9582550006A4E2 /* Release */,
			);
			defaultConfigurationIsVisible = 0;
			defaultConfigurationName = Release;
		};
		C03982DC1C9582550006A4E2 /* Build configuration list for PBXNativeTarget "网易新闻Tests" */ = {
			isa = XCConfigurationList;
			buildConfigurations = (
				C03982DD1C9582550006A4E2 /* Debug */,
				C03982DE1C9582550006A4E2 /* Release */,
			);
			defaultConfigurationIsVisible = 0;
			defaultConfigurationName = Release;
		};
/* End XCConfigurationList section */
	};
	rootObject = C03982AF1C9582550006A4E2 /* Project object */;
}
